
Microsoft Visual Studio Solution File, Format Version 12.00
# Visual Studio 15
VisualStudioVersion = 15.0.28307.438
MinimumVisualStudioVersion = 10.0.40219.1
Project("{FAE04EC0-301F-11D3-BF4B-00C04F79EFBC}") = "Command_Pattern_Demo", "CS3450_Assignment6_NDA\Command_Pattern_Demo.csproj", "{031A2981-571F-4E8E-A8B0-70696B1B8918}"
EndProject
Global
	GlobalSection(SolutionConfigurationPlatforms) = preSolution
		Debug|Any CPU = Debug|Any CPU
		Release|Any CPU = Release|Any CPU
	EndGlobalSection
	GlobalSection(ProjectConfigurationPlatforms) = postSolution
		{031A2981-571F-4E8E-A8B0-70696B1B8918}.Debug|Any CPU.ActiveCfg = Debug|Any CPU
		{031A2981-571F-4E8E-A8B0-70696B1B8918}.Debug|Any CPU.Build.0 = Debug|Any CPU
		{031A2981-571F-4E8E-A8B0-70696B1B8918}.Release|Any CPU.ActiveCfg = Release|Any CPU
		{031A2981-571F-4E8E-A8B0-70696B1B8918}.Release|Any CPU.Build.0 = Release|Any CPU
	EndGlobalSection
	GlobalSection(SolutionProperties) = preSolution
		HideSolutionNode = FALSE
	EndGlobalSection
	GlobalSection(ExtensibilityGlobals) = postSolution
		SolutionGuid = {1A147D15-9962-48CE-BDB8-70C0BB0DF245}
	EndGlobalSection
EndGlobal
